// !$*UTF8*$!
{
	archiveVersion = 1;
	classes = {
	};
	objectVersion = 56;
	objects = {

/* Begin PBXBuildFile section */
		FC3EC9302BE99CA10087CD80 /* GameOfLifeView.swift in Sources */ = {isa = PBXBuildFile; fileRef = FC3EC92F2BE99CA10087CD80 /* GameOfLifeView.swift */; };
		FC7246C42BC9E9170050F4FB /* FallingSandApp.swift in Sources */ = {isa = PBXBuildFile; fileRef = FC7246C32BC9E9170050F4FB /* FallingSandApp.swift */; };
		FC7246C62BC9E9170050F4FB /* ContentView.swift in Sources */ = {isa = PBXBuildFile; fileRef = FC7246C52BC9E9170050F4FB /* ContentView.swift */; };
		FC7246C82BC9E9180050F4FB /* Assets.xcassets in Resources */ = {isa = PBXBuildFile; fileRef = FC7246C72BC9E9180050F4FB /* Assets.xcassets */; };
		FC7246CB2BC9E9180050F4FB /* Preview Assets.xcassets in Resources */ = {isa = PBXBuildFile; fileRef = FC7246CA2BC9E9180050F4FB /* Preview Assets.xcassets */; };
		FCEB30362BE04ACC00EDF743 /* FallingSand1D.swift in Sources */ = {isa = PBXBuildFile; fileRef = FCEB30352BE04ACC00EDF743 /* FallingSand1D.swift */; };
		FCEB30382BE04BD800EDF743 /* FallingSand2D.swift in Sources */ = {isa = PBXBuildFile; fileRef = FCEB30372BE04BD800EDF743 /* FallingSand2D.swift */; };
/* End PBXBuildFile section */

/* Begin PBXFileReference section */
		FC3EC92F2BE99CA10087CD80 /* GameOfLifeView.swift */ = {isa = PBXFileReference; lastKnownFileType = sourcecode.swift; path = GameOfLifeView.swift; sourceTree = "<group>"; };
		FC7246C02BC9E9170050F4FB /* FallingSand.app */ = {isa = PBXFileReference; explicitFileType = wrapper.application; includeInIndex = 0; path = FallingSand.app; sourceTree = BUILT_PRODUCTS_DIR; };
		FC7246C32BC9E9170050F4FB /* FallingSandApp.swift */ = {isa = PBXFileReference; lastKnownFileType = sourcecode.swift; path = FallingSandApp.swift; sourceTree = "<group>"; };
		FC7246C52BC9E9170050F4FB /* ContentView.swift */ = {isa = PBXFileReference; lastKnownFileType = sourcecode.swift; path = ContentView.swift; sourceTree = "<group>"; };
		FC7246C72BC9E9180050F4FB /* Assets.xcassets */ = {isa = PBXFileReference; lastKnownFileType = folder.assetcatalog; path = Assets.xcassets; sourceTree = "<group>"; };
		FC7246CA2BC9E9180050F4FB /* Preview Assets.xcassets */ = {isa = PBXFileReference; lastKnownFileType = folder.assetcatalog; path = "Preview Assets.xcassets"; sourceTree = "<group>"; };
		FCEB30352BE04ACC00EDF743 /* FallingSand1D.swift */ = {isa = PBXFileReference; lastKnownFileType = sourcecode.swift; path = FallingSand1D.swift; sourceTree = "<group>"; };
		FCEB30372BE04BD800EDF743 /* FallingSand2D.swift */ = {isa = PBXFileReference; lastKnownFileType = sourcecode.swift; path = FallingSand2D.swift; sourceTree = "<group>"; };
/* End PBXFileReference section */

/* Begin PBXFrameworksBuildPhase section */
		FC7246BD2BC9E9170050F4FB /* Frameworks */ = {
			isa = PBXFrameworksBuildPhase;
			buildActionMask = 2147483647;
			files = (
			);
			runOnlyForDeploymentPostprocessing = 0;
		};
/* End PBXFrameworksBuildPhase section */

/* Begin PBXGroup section */
		FC7246B72BC9E9170050F4FB = {
			isa = PBXGroup;
			children = (
				FC7246C22BC9E9170050F4FB /* FallingSand */,
				FC7246C12BC9E9170050F4FB /* Products */,
			);
			sourceTree = "<group>";
		};
		FC7246C12BC9E9170050F4FB /* Products */ = {
			isa = PBXGroup;
			children = (
				FC7246C02BC9E9170050F4FB /* FallingSand.app */,
			);
			name = Products;
			sourceTree = "<group>";
		};
		FC7246C22BC9E9170050F4FB /* FallingSand */ = {
			isa = PBXGroup;
			children = (
				FC7246C32BC9E9170050F4FB /* FallingSandApp.swift */,
				FC7246C52BC9E9170050F4FB /* ContentView.swift */,
				FCEB30372BE04BD800EDF743 /* FallingSand2D.swift */,
				FCEB30352BE04ACC00EDF743 /* FallingSand1D.swift */,
				FC3EC92F2BE99CA10087CD80 /* GameOfLifeView.swift */,
				FC7246C72BC9E9180050F4FB /* Assets.xcassets */,
				FC7246C92BC9E9180050F4FB /* Preview Content */,
			);
			path = FallingSand;
			sourceTree = "<group>";
		};
		FC7246C92BC9E9180050F4FB /* Preview Content */ = {
			isa = PBXGroup;
			children = (
				FC7246CA2BC9E9180050F4FB /* Preview Assets.xcassets */,
			);
			path = "Preview Content";
			sourceTree = "<group>";
		};
/* End PBXGroup section */

/* Begin PBXNativeTarget section */
		FC7246BF2BC9E9170050F4FB /* FallingSand */ = {
			isa = PBXNativeTarget;
			buildConfigurationList = FC7246CE2BC9E9180050F4FB /* Build configuration list for PBXNativeTarget "FallingSand" */;
			buildPhases = (
				FC7246BC2BC9E9170050F4FB /* Sources */,
				FC7246BD2BC9E9170050F4FB /* Frameworks */,
				FC7246BE2BC9E9170050F4FB /* Resources */,
			);
			buildRules = (
			);
			dependencies = (
			);
			name = FallingSand;
			productName = FallingSand;
			productReference = FC7246C02BC9E9170050F4FB /* FallingSand.app */;
			productType = "com.apple.product-type.application";
		};
/* End PBXNativeTarget section */

/* Begin PBXProject section */
		FC7246B82BC9E9170050F4FB /* Project object */ = {
			isa = PBXProject;
			attributes = {
				BuildIndependentTargetsInParallel = 1;
				LastSwiftUpdateCheck = 1520;
				LastUpgradeCheck = 1520;
				TargetAttributes = {
					FC7246BF2BC9E9170050F4FB = {
						CreatedOnToolsVersion = 15.2;
					};
				};
			};
			buildConfigurationList = FC7246BB2BC9E9170050F4FB /* Build configuration list for PBXProject "FallingSand" */;
			compatibilityVersion = "Xcode 14.0";
			developmentRegion = en;
			hasScannedForEncodings = 0;
			knownRegions = (
				en,
				Base,
			);
			mainGroup = FC7246B72BC9E9170050F4FB;
			productRefGroup = FC7246C12BC9E9170050F4FB /* Products */;
			projectDirPath = "";
			projectRoot = "";
			targets = (
				FC7246BF2BC9E9170050F4FB /* FallingSand */,
			);
		};
/* End PBXProject section */

/* Begin PBXResourcesBuildPhase section */
		FC7246BE2BC9E9170050F4FB /* Resources */ = {
			isa = PBXResourcesBuildPhase;
			buildActionMask = 2147483647;
			files = (
				FC7246CB2BC9E9180050F4FB /* Preview Assets.xcassets in Resources */,
				FC7246C82BC9E9180050F4FB /* Assets.xcassets in Resources */,
			);
			runOnlyForDeploymentPostprocessing = 0;
		};
/* End PBXResourcesBuildPhase section */

/* Begin PBXSourcesBuildPhase section */
		FC7246BC2BC9E9170050F4FB /* Sources */ = {
			isa = PBXSourcesBuildPhase;
			buildActionMask = 2147483647;
			files = (
				FC3EC9302BE99CA10087CD80 /* GameOfLifeView.swift in Sources */,
				FC7246C62BC9E9170050F4FB /* ContentView.swift in Sources */,
				FCEB30362BE04ACC00EDF743 /* FallingSand1D.swift in Sources */,
				FC7246C42BC9E9170050F4FB /* FallingSandApp.swift in Sources */,
				FCEB30382BE04BD800EDF743 /* FallingSand2D.swift in Sources */,
			);
			runOnlyForDeploymentPostprocessing = 0;
		};
/* End PBXSourcesBuildPhase section */

/* Begin XCBuildConfiguration section */
		FC7246CC2BC9E9180050F4FB /* Debug */ = {
			isa = XCBuildConfiguration;
			buildSettings = {
				ALWAYS_SEARCH_USER_PATHS = NO;
				ASSETCATALOG_COMPILER_GENERATE_SWIFT_ASSET_SYMBOL_EXTENSIONS = YES;
				CLANG_ANALYZER_NONNULL = YES;
				CLANG_ANALYZER_NUMBER_OBJECT_CONVERSION = YES_AGGRESSIVE;
				CLANG_CXX_LANGUAGE_STANDARD = "gnu++20";
				CLANG_ENABLE_MODULES = YES;
				CLANG_ENABLE_OBJC_ARC = YES;
				CLANG_ENABLE_OBJC_WEAK = YES;
				CLANG_WARN_BLOCK_CAPTURE_AUTORELEASING = YES;
				CLANG_WARN_BOOL_CONVERSION = YES;
				CLANG_WARN_COMMA = YES;
				CLANG_WARN_CONSTANT_CONVERSION = YES;
				CLANG_WARN_DEPRECATED_OBJC_IMPLEMENTATIONS = YES;
				CLANG_WARN_DIRECT_OBJC_ISA_USAGE = YES_ERROR;
				CLANG_WARN_DOCUMENTATION_COMMENTS = YES;
				CLANG_WARN_EMPTY_BODY = YES;
				CLANG_WARN_ENUM_CONVERSION = YES;
				CLANG_WARN_INFINITE_RECURSION = YES;
				CLANG_WARN_INT_CONVERSION = YES;
				CLANG_WARN_NON_LITERAL_NULL_CONVERSION = YES;
				CLANG_WARN_OBJC_IMPLICIT_RETAIN_SELF = YES;
				CLANG_WARN_OBJC_LITERAL_CONVERSION = YES;
				CLANG_WARN_OBJC_ROOT_CLASS = YES_ERROR;
				CLANG_WARN_QUOTED_INCLUDE_IN_FRAMEWORK_HEADER = YES;
				CLANG_WARN_RANGE_LOOP_ANALYSIS = YES;
				CLANG_WARN_STRICT_PROTOTYPES = YES;
				CLANG_WARN_SUSPICIOUS_MOVE = YES;
				CLANG_WARN_UNGUARDED_AVAILABILITY = YES_AGGRESSIVE;
				CLANG_WARN_UNREACHABLE_CODE = YES;
				CLANG_WARN__DUPLICATE_METHOD_MATCH = YES;
				COPY_PHASE_STRIP = NO;
				DEBUG_INFORMATION_FORMAT = dwarf;
				ENABLE_STRICT_OBJC_MSGSEND = YES;
				ENABLE_TESTABILITY = YES;
				ENABLE_USER_SCRIPT_SANDBOXING = YES;
				GCC_C_LANGUAGE_STANDARD = gnu17;
				GCC_DYNAMIC_NO_PIC = NO;
				GCC_NO_COMMON_BLOCKS = YES;
				GCC_OPTIMIZATION_LEVEL = 0;
				GCC_PREPROCESSOR_DEFINITIONS = (
					"DEBUG=1",
					"$(inherited)",
				);
				GCC_WARN_64_TO_32_BIT_CONVERSION = YES;
				GCC_WARN_ABOUT_RETURN_TYPE = YES_ERROR;
				GCC_WARN_UNDECLARED_SELECTOR = YES;
				GCC_WARN_UNINITIALIZED_AUTOS = YES_AGGRESSIVE;
				GCC_WARN_UNUSED_FUNCTION = YES;
				GCC_WARN_UNUSED_VARIABLE = YES;
				IPHONEOS_DEPLOYMENT_TARGET = 17.2;
				LOCALIZATION_PREFERS_STRING_CATALOGS = YES;
				MTL_ENABLE_DEBUG_INFO = INCLUDE_SOURCE;
				MTL_FAST_MATH = YES;
				ONLY_ACTIVE_ARCH = YES;
				SDKROOT = iphoneos;
				SWIFT_ACTIVE_COMPILATION_CONDITIONS = "DEBUG $(inherited)";
				SWIFT_OPTIMIZATION_LEVEL = "-Onone";
			};
			name = Debug;
		};
		FC7246CD2BC9E9180050F4FB /* Release */ = {
			isa = XCBuildConfiguration;
			buildSettings = {
				ALWAYS_SEARCH_USER_PATHS = NO;
				ASSETCATALOG_COMPILER_GENERATE_SWIFT_ASSET_SYMBOL_EXTENSIONS = YES;
				CLANG_ANALYZER_NONNULL = YES;
				CLANG_ANALYZER_NUMBER_OBJECT_CONVERSION = YES_AGGRESSIVE;
				CLANG_CXX_LANGUAGE_STANDARD = "gnu++20";
				CLANG_ENABLE_MODULES = YES;
				CLANG_ENABLE_OBJC_ARC = YES;
				CLANG_ENABLE_OBJC_WEAK = YES;
				CLANG_WARN_BLOCK_CAPTURE_AUTORELEASING = YES;
				CLANG_WARN_BOOL_CONVERSION = YES;
				CLANG_WARN_COMMA = YES;
				CLANG_WARN_CONSTANT_CONVERSION = YES;
				CLANG_WARN_DEPRECATED_OBJC_IMPLEMENTATIONS = YES;
				CLANG_WARN_DIRECT_OBJC_ISA_USAGE = YES_ERROR;
				CLANG_WARN_DOCUMENTATION_COMMENTS = YES;
				CLANG_WARN_EMPTY_BODY = YES;
				CLANG_WARN_ENUM_CONVERSION = YES;
				CLANG_WARN_INFINITE_RECURSION = YES;
				CLANG_WARN_INT_CONVERSION = YES;
				CLANG_WARN_NON_LITERAL_NULL_CONVERSION = YES;
				CLANG_WARN_OBJC_IMPLICIT_RETAIN_SELF = YES;
				CLANG_WARN_OBJC_LITERAL_CONVERSION = YES;
				CLANG_WARN_OBJC_ROOT_CLASS = YES_ERROR;
				CLANG_WARN_QUOTED_INCLUDE_IN_FRAMEWORK_HEADER = YES;
				CLANG_WARN_RANGE_LOOP_ANALYSIS = YES;
				CLANG_WARN_STRICT_PROTOTYPES = YES;
				CLANG_WARN_SUSPICIOUS_MOVE = YES;
				CLANG_WARN_UNGUARDED_AVAILABILITY = YES_AGGRESSIVE;
				CLANG_WARN_UNREACHABLE_CODE = YES;
				CLANG_WARN__DUPLICATE_METHOD_MATCH = YES;
				COPY_PHASE_STRIP = NO;
				DEBUG_INFORMATION_FORMAT = "dwarf-with-dsym";
				ENABLE_NS_ASSERTIONS = NO;
				ENABLE_STRICT_OBJC_MSGSEND = YES;
				ENABLE_USER_SCRIPT_SANDBOXING = YES;
				GCC_C_LANGUAGE_STANDARD = gnu17;
				GCC_NO_COMMON_BLOCKS = YES;
				GCC_WARN_64_TO_32_BIT_CONVERSION = YES;
				GCC_WARN_ABOUT_RETURN_TYPE = YES_ERROR;
				GCC_WARN_UNDECLARED_SELECTOR = YES;
				GCC_WARN_UNINITIALIZED_AUTOS = YES_AGGRESSIVE;
				GCC_WARN_UNUSED_FUNCTION = YES;
				GCC_WARN_UNUSED_VARIABLE = YES;
				IPHONEOS_DEPLOYMENT_TARGET = 17.2;
				LOCALIZATION_PREFERS_STRING_CATALOGS = YES;
				MTL_ENABLE_DEBUG_INFO = NO;
				MTL_FAST_MATH = YES;
				SDKROOT = iphoneos;
				SWIFT_COMPILATION_MODE = wholemodule;
				VALIDATE_PRODUCT = YES;
			};
			name = Release;
		};
		FC7246CF2BC9E9180050F4FB /* Debug */ = {
			isa = XCBuildConfiguration;
			buildSettings = {
				ASSETCATALOG_COMPILER_APPICON_NAME = AppIcon;
				ASSETCATALOG_COMPILER_GLOBAL_ACCENT_COLOR_NAME = AccentColor;
				CODE_SIGN_STYLE = Automatic;
				CURRENT_PROJECT_VERSION = 1;
				DEVELOPMENT_ASSET_PATHS = "\"FallingSand/Preview Content\"";
				DEVELOPMENT_TEAM = 4MML36X35X;
				ENABLE_PREVIEWS = YES;
				GENERATE_INFOPLIST_FILE = YES;
				INFOPLIST_KEY_UIApplicationSceneManifest_Generation = YES;
				INFOPLIST_KEY_UIApplicationSupportsIndirectInputEvents = YES;
				INFOPLIST_KEY_UILaunchScreen_Generation = YES;
				INFOPLIST_KEY_UISupportedInterfaceOrientations_iPad = "UIInterfaceOrientationPortrait UIInterfaceOrientationPortraitUpsideDown UIInterfaceOrientationLandscapeLeft UIInterfaceOrientationLandscapeRight";
				INFOPLIST_KEY_UISupportedInterfaceOrientations_iPhone = "UIInterfaceOrientationPortrait UIInterfaceOrientationLandscapeLeft UIInterfaceOrientationLandscapeRight";
				LD_RUNPATH_SEARCH_PATHS = (
					"$(inherited)",
					"@executable_path/Frameworks",
				);
				MARKETING_VERSION = 1.0;
				PRODUCT_BUNDLE_IDENTIFIER = com.myorganization.FallingSand;
				PRODUCT_NAME = "$(TARGET_NAME)";
				SWIFT_EMIT_LOC_STRINGS = YES;
				SWIFT_VERSION = 5.0;
				TARGETED_DEVICE_FAMILY = "1,2";
			};
			name = Debug;
		};
		FC7246D02BC9E9180050F4FB /* Release */ = {
			isa = XCBuildConfiguration;
			buildSettings = {
				ASSETCATALOG_COMPILER_APPICON_NAME = AppIcon;
				ASSETCATALOG_COMPILER_GLOBAL_ACCENT_COLOR_NAME = AccentColor;
				CODE_SIGN_STYLE = Automatic;
				CURRENT_PROJECT_VERSION = 1;
				DEVELOPMENT_ASSET_PATHS = "\"FallingSand/Preview Content\"";
				DEVELOPMENT_TEAM = 4MML36X35X;
				ENABLE_PREVIEWS = YES;
				GENERATE_INFOPLIST_FILE = YES;
				INFOPLIST_KEY_UIApplicationSceneManifest_Generation = YES;
				INFOPLIST_KEY_UIApplicationSupportsIndirectInputEvents = YES;
				INFOPLIST_KEY_UILaunchScreen_Generation = YES;
				INFOPLIST_KEY_UISupportedInterfaceOrientations_iPad = "UIInterfaceOrientationPortrait UIInterfaceOrientationPortraitUpsideDown UIInterfaceOrientationLandscapeLeft UIInterfaceOrientationLandscapeRight";
				INFOPLIST_KEY_UISupportedInterfaceOrientations_iPhone = "UIInterfaceOrientationPortrait UIInterfaceOrientationLandscapeLeft UIInterfaceOrientationLandscapeRight";
				LD_RUNPATH_SEARCH_PATHS = (
					"$(inherited)",
					"@executable_path/Frameworks",
				);
				MARKETING_VERSION = 1.0;
				PRODUCT_BUNDLE_IDENTIFIER = com.myorganization.FallingSand;
				PRODUCT_NAME = "$(TARGET_NAME)";
				SWIFT_EMIT_LOC_STRINGS = YES;
				SWIFT_VERSION = 5.0;
				TARGETED_DEVICE_FAMILY = "1,2";
			};
			name = Release;
		};
/* End XCBuildConfiguration section */

/* Begin XCConfigurationList section */
		FC7246BB2BC9E9170050F4FB /* Build configuration list for PBXProject "FallingSand" */ = {
			isa = XCConfigurationList;
			buildConfigurations = (
				FC7246CC2BC9E9180050F4FB /* Debug */,
				FC7246CD2BC9E9180050F4FB /* Release */,
			);
			defaultConfigurationIsVisible = 0;
			defaultConfigurationName = Release;
		};
		FC7246CE2BC9E9180050F4FB /* Build configuration list for PBXNativeTarget "FallingSand" */ = {
			isa = XCConfigurationList;
			buildConfigurations = (
				FC7246CF2BC9E9180050F4FB /* Debug */,
				FC7246D02BC9E9180050F4FB /* Release */,
			);
			defaultConfigurationIsVisible = 0;
			defaultConfigurationName = Release;
		};
/* End XCConfigurationList section */
	};
	rootObject = FC7246B82BC9E9170050F4FB /* Project object */;
}
